github.com/comail/colog v0.0.0-20160416085026-fba8e7b1f46c/go.mod h1:1WwgAwMKQLYG5I2FBhpVx94YTOAuB2W59IZ7REjSE6Y=
github.com/octu0/blurry v1.20.2 h1:xCtfNUfDVwU/v8inouN04Dd7L9paOww6yfu05+4T4s0=
github.com/octu0/blurry v1.20.2/go.mod h1:GPH1m9IKMVvQ8WBXzY+uWAdNxiKyy+J5TFCJvR38Ptc=
gopkg.in/urfave/cli.v1 v1.20.0/go.mod h1:vuBzUtMdQeixQj8LVd+/98pzhxNGQoyuPBlsXHOQNO0=
